
Microsoft Visual Studio Solution File, Format Version 12.00
# Visual Studio Version 16
VisualStudioVersion = 16.0.30907.101
MinimumVisualStudioVersion = 10.0.40219.1
Project("{FAE04EC0-301F-11D3-BF4B-00C04F79EFBC}") = "SeleniumCSharpProject", "SeleniumCSharpProject\SeleniumCSharpProject.csproj", "{C84E1385-D1AB-47D2-B6C4-79653436AE26}"
EndProject
Global
	GlobalSection(SolutionConfigurationPlatforms) = preSolution
		Debug|Any CPU = Debug|Any CPU
		Release|Any CPU = Release|Any CPU
	EndGlobalSection
	GlobalSection(ProjectConfigurationPlatforms) = postSolution
		{C84E1385-D1AB-47D2-B6C4-79653436AE26}.Debug|Any CPU.ActiveCfg = Debug|Any CPU
		{C84E1385-D1AB-47D2-B6C4-79653436AE26}.Debug|Any CPU.Build.0 = Debug|Any CPU
		{C84E1385-D1AB-47D2-B6C4-79653436AE26}.Release|Any CPU.ActiveCfg = Release|Any CPU
		{C84E1385-D1AB-47D2-B6C4-79653436AE26}.Release|Any CPU.Build.0 = Release|Any CPU
	EndGlobalSection
	GlobalSection(SolutionProperties) = preSolution
		HideSolutionNode = FALSE
	EndGlobalSection
	GlobalSection(ExtensibilityGlobals) = postSolution
		SolutionGuid = {32DBAD2C-70CA-487D-A6F9-1BFDC6DAA6FB}
	EndGlobalSection
EndGlobal
