
Microsoft Visual Studio Solution File, Format Version 12.00
# Visual Studio Version 17
VisualStudioVersion = 17.13.35825.156
MinimumVisualStudioVersion = 10.0.40219.1
Project("{FAE04EC0-301F-11D3-BF4B-00C04F79EFBC}") = "TestProject", "TestProject\TestProject.csproj", "{C677EF6E-1D82-4357-8445-0B9E7A37BD57}"
EndProject
Project("{FAE04EC0-301F-11D3-BF4B-00C04F79EFBC}") = "SeleniumAutomation", "SeleniumAutomation\SeleniumAutomation.csproj", "{3C901A40-EF1E-4795-97DE-8626EBCDF0C6}"
EndProject
Global
	GlobalSection(SolutionConfigurationPlatforms) = preSolution
		Debug|Any CPU = Debug|Any CPU
		Release|Any CPU = Release|Any CPU
	EndGlobalSection
	GlobalSection(ProjectConfigurationPlatforms) = postSolution
		{C677EF6E-1D82-4357-8445-0B9E7A37BD57}.Debug|Any CPU.ActiveCfg = Debug|Any CPU
		{C677EF6E-1D82-4357-8445-0B9E7A37BD57}.Debug|Any CPU.Build.0 = Debug|Any CPU
		{C677EF6E-1D82-4357-8445-0B9E7A37BD57}.Release|Any CPU.ActiveCfg = Release|Any CPU
		{C677EF6E-1D82-4357-8445-0B9E7A37BD57}.Release|Any CPU.Build.0 = Release|Any CPU
		{3C901A40-EF1E-4795-97DE-8626EBCDF0C6}.Debug|Any CPU.ActiveCfg = Debug|Any CPU
		{3C901A40-EF1E-4795-97DE-8626EBCDF0C6}.Debug|Any CPU.Build.0 = Debug|Any CPU
		{3C901A40-EF1E-4795-97DE-8626EBCDF0C6}.Release|Any CPU.ActiveCfg = Release|Any CPU
		{3C901A40-EF1E-4795-97DE-8626EBCDF0C6}.Release|Any CPU.Build.0 = Release|Any CPU
	EndGlobalSection
	GlobalSection(SolutionProperties) = preSolution
		HideSolutionNode = FALSE
	EndGlobalSection
	GlobalSection(ExtensibilityGlobals) = postSolution
		SolutionGuid = {C5298325-A7F8-4F9F-BC9A-F2A0AB119F3C}
	EndGlobalSection
EndGlobal
